
Microsoft Visual Studio Solution File, Format Version 12.00
# Visual Studio 14
VisualStudioVersion = 14.0.25420.1
MinimumVisualStudioVersion = 10.0.40219.1
Project("{FAE04EC0-301F-11D3-BF4B-00C04F79EFBC}") = "OnlineShop", "OnlineShop\OnlineShop.csproj", "{B2E0784D-6F7C-4F76-9754-8BA422521310}"
EndProject
Project("{FAE04EC0-301F-11D3-BF4B-00C04F79EFBC}") = "Model", "Model\Model.csproj", "{3EED4D38-15A7-4932-9940-47B12B4F86CC}"
EndProject
Global
	GlobalSection(SolutionConfigurationPlatforms) = preSolution
		Debug|Any CPU = Debug|Any CPU
		Release|Any CPU = Release|Any CPU
	EndGlobalSection
	GlobalSection(ProjectConfigurationPlatforms) = postSolution
		{B2E0784D-6F7C-4F76-9754-8BA422521310}.Debug|Any CPU.ActiveCfg = Debug|Any CPU
		{B2E0784D-6F7C-4F76-9754-8BA422521310}.Debug|Any CPU.Build.0 = Debug|Any CPU
		{B2E0784D-6F7C-4F76-9754-8BA422521310}.Release|Any CPU.ActiveCfg = Release|Any CPU
		{B2E0784D-6F7C-4F76-9754-8BA422521310}.Release|Any CPU.Build.0 = Release|Any CPU
		{3EED4D38-15A7-4932-9940-47B12B4F86CC}.Debug|Any CPU.ActiveCfg = Debug|Any CPU
		{3EED4D38-15A7-4932-9940-47B12B4F86CC}.Debug|Any CPU.Build.0 = Debug|Any CPU
		{3EED4D38-15A7-4932-9940-47B12B4F86CC}.Release|Any CPU.ActiveCfg = Release|Any CPU
		{3EED4D38-15A7-4932-9940-47B12B4F86CC}.Release|Any CPU.Build.0 = Release|Any CPU
	EndGlobalSection
	GlobalSection(SolutionProperties) = preSolution
		HideSolutionNode = FALSE
	EndGlobalSection
EndGlobal
